# This file is automatically @generated by Cargo.
# It is not intended for manual editing.
version = 4

[[package]]
name = "abi"
version = "3.0.13"
source = "git+https://github.com/xinix00/HopOS.git?tag=v3.0.13#ba0006d2159b0dcf4e51fa787cd0b11defe8cc25"
dependencies = [
 "bounded",
 "dev",
 "leancrypto",
]

[[package]]
name = "agent"
version = "3.0.9"
dependencies = [
 "config",
 "types",
]

[[package]]
name = "agentd"
version = "3.0.9"
dependencies = [
 "agent",
 "api",
 "auth",
 "config",
 "discovery",
 "hostnet",
 "leader",
 "leanhttp",
 "runner",
 "store",
 "types",
]

[[package]]
name = "agentd-hopos"
version = "3.0.9"
dependencies = [
 "abi",
 "agent",
 "api",
 "applib",
 "auth",
 "config",
 "discovery",
 "hop-http",
 "hopos-runner",
 "leader",
 "leanhttp",
 "leanhttps",
 "leans3",
 "leans3http",
 "leantls",
 "runner",
 "sync",
 "types",
]

[[package]]
name = "api"
version = "3.0.9"
dependencies = [
 "agent",
 "auth",
 "config",
 "leader",
 "types",
]

[[package]]
name = "applib"
version = "3.0.13"
source = "git+https://github.com/xinix00/HopOS.git?tag=v3.0.13#ba0006d2159b0dcf4e51fa787cd0b11defe8cc25"
dependencies = [
 "abi",
 "bounded",
 "dev",
 "executor",
 "heap",
 "leanhttp",
 "leannet",
 "netdev",
 "sync",
]

[[package]]
name = "auth"
version = "3.0.9"

[[package]]
name = "bounded"
version = "3.0.13"
source = "git+https://github.com/xinix00/HopOS.git?tag=v3.0.13#ba0006d2159b0dcf4e51fa787cd0b11defe8cc25"

[[package]]
name = "cli"
version = "3.0.9"
dependencies = [
 "auth",
 "hostnet",
 "types",
]

[[package]]
name = "config"
version = "3.0.9"
dependencies = [
 "types",
]

[[package]]
name = "dev"
version = "3.0.13"
source = "git+https://github.com/xinix00/HopOS.git?tag=v3.0.13#ba0006d2159b0dcf4e51fa787cd0b11defe8cc25"

[[package]]
name = "discovery"
version = "3.0.9"
dependencies = [
 "types",
]

[[package]]
name = "executor"
version = "3.0.13"
source = "git+https://github.com/xinix00/HopOS.git?tag=v3.0.13#ba0006d2159b0dcf4e51fa787cd0b11defe8cc25"
dependencies = [
 "dev",
 "sync",
]

[[package]]
name = "heap"
version = "3.0.13"
source = "git+https://github.com/xinix00/HopOS.git?tag=v3.0.13#ba0006d2159b0dcf4e51fa787cd0b11defe8cc25"

[[package]]
name = "hop-http"
version = "3.0.9"
dependencies = [
 "api",
 "applib",
 "leanhttp",
 "types",
]

[[package]]
name = "hopos-runner"
version = "3.0.9"
dependencies = [
 "abi",
 "agent",
 "applib",
 "runner",
]

[[package]]
name = "hostnet"
version = "3.0.9"
dependencies = [
 "leanhttp",
 "leanhttps",
 "leans3",
 "leans3http",
 "leantls",
]

[[package]]
name = "leader"
version = "3.0.9"
dependencies = [
 "config",
 "types",
]

[[package]]
name = "leancrypto"
version = "3.1.12"
source = "git+https://github.com/xinix00/lean.git?tag=v3.1.12#30dfbd73743a57b59ad42ed0258b7e3c10d04b20"

[[package]]
name = "leanhttp"
version = "3.1.12"
source = "git+https://github.com/xinix00/lean.git?tag=v3.1.12#30dfbd73743a57b59ad42ed0258b7e3c10d04b20"

[[package]]
name = "leanhttps"
version = "3.1.12"
source = "git+https://github.com/xinix00/lean.git?tag=v3.1.12#30dfbd73743a57b59ad42ed0258b7e3c10d04b20"
dependencies = [
 "leanhttp",
 "leantls",
]

[[package]]
name = "leannet"
version = "3.1.12"
source = "git+https://github.com/xinix00/lean.git?tag=v3.1.12#30dfbd73743a57b59ad42ed0258b7e3c10d04b20"

[[package]]
name = "leans3"
version = "3.1.12"
source = "git+https://github.com/xinix00/lean.git?tag=v3.1.12#30dfbd73743a57b59ad42ed0258b7e3c10d04b20"
dependencies = [
 "leancrypto",
]

[[package]]
name = "leans3http"
version = "3.1.12"
source = "git+https://github.com/xinix00/lean.git?tag=v3.1.12#30dfbd73743a57b59ad42ed0258b7e3c10d04b20"
dependencies = [
 "leanhttp",
 "leans3",
]

[[package]]
name = "leantls"
version = "3.1.12"
source = "git+https://github.com/xinix00/lean.git?tag=v3.1.12#30dfbd73743a57b59ad42ed0258b7e3c10d04b20"
dependencies = [
 "leancrypto",
]

[[package]]
name = "netdev"
version = "3.0.13"
source = "git+https://github.com/xinix00/HopOS.git?tag=v3.0.13#ba0006d2159b0dcf4e51fa787cd0b11defe8cc25"
dependencies = [
 "sync",
]

[[package]]
name = "runner"
version = "3.0.9"
dependencies = [
 "hostnet",
 "leanhttp",
 "leans3",
 "types",
]

[[package]]
name = "store"
version = "3.0.9"
dependencies = [
 "config",
 "discovery",
 "hostnet",
 "leanhttp",
 "leans3",
 "types",
]

[[package]]
name = "sync"
version = "3.0.13"
source = "git+https://github.com/xinix00/HopOS.git?tag=v3.0.13#ba0006d2159b0dcf4e51fa787cd0b11defe8cc25"
dependencies = [
 "bounded",
]

[[package]]
name = "types"
version = "3.0.9"
