# This file is automatically @generated by Cargo.
# It is not intended for manual editing.
version = 4

[[package]]
name = "abi"
version = "3.0.0"
source = "git+https://github.com/xinix00/HopOS.git?tag=v3.0.1#c59c7731f4c78ea8d6cc6522d8a6ebd34cb0f93a"
dependencies = [
 "bounded",
 "dev",
]

[[package]]
name = "agent"
version = "3.0.3"
dependencies = [
 "config",
 "types",
]

[[package]]
name = "agentd"
version = "3.0.3"
dependencies = [
 "agent",
 "api",
 "auth",
 "config",
 "discovery",
 "hostnet",
 "leader",
 "leanhttp",
 "runner",
 "store",
 "types",
]

[[package]]
name = "agentd-hopos"
version = "3.0.3"
dependencies = [
 "abi",
 "agent",
 "api",
 "applib",
 "auth",
 "config",
 "discovery",
 "hop-http",
 "hopos-runner",
 "leader",
 "leancookie",
 "leanhttp",
 "leanhttps",
 "leans3",
 "leantls",
 "runner",
 "sync",
 "types",
]

[[package]]
name = "api"
version = "3.0.3"
dependencies = [
 "agent",
 "auth",
 "config",
 "leader",
 "types",
]

[[package]]
name = "applib"
version = "3.0.0"
source = "git+https://github.com/xinix00/HopOS.git?tag=v3.0.1#c59c7731f4c78ea8d6cc6522d8a6ebd34cb0f93a"
dependencies = [
 "abi",
 "bounded",
 "dev",
 "executor",
 "heap",
 "leanhttp",
 "leannet",
 "netdev",
 "sync",
]

[[package]]
name = "auth"
version = "3.0.3"

[[package]]
name = "bounded"
version = "3.0.0"
source = "git+https://github.com/xinix00/HopOS.git?tag=v3.0.1#c59c7731f4c78ea8d6cc6522d8a6ebd34cb0f93a"

[[package]]
name = "cli"
version = "3.0.3"
dependencies = [
 "auth",
 "hostnet",
 "types",
]

[[package]]
name = "config"
version = "3.0.3"
dependencies = [
 "types",
]

[[package]]
name = "dev"
version = "3.0.0"
source = "git+https://github.com/xinix00/HopOS.git?tag=v3.0.1#c59c7731f4c78ea8d6cc6522d8a6ebd34cb0f93a"

[[package]]
name = "discovery"
version = "3.0.3"
dependencies = [
 "types",
]

[[package]]
name = "executor"
version = "3.0.0"
source = "git+https://github.com/xinix00/HopOS.git?tag=v3.0.1#c59c7731f4c78ea8d6cc6522d8a6ebd34cb0f93a"
dependencies = [
 "dev",
 "sync",
]

[[package]]
name = "heap"
version = "3.0.0"
source = "git+https://github.com/xinix00/HopOS.git?tag=v3.0.1#c59c7731f4c78ea8d6cc6522d8a6ebd34cb0f93a"

[[package]]
name = "hop-http"
version = "3.0.3"
dependencies = [
 "api",
 "applib",
 "leanhttp",
 "types",
]

[[package]]
name = "hopos-runner"
version = "3.0.3"
dependencies = [
 "abi",
 "agent",
 "applib",
 "runner",
]

[[package]]
name = "hostnet"
version = "3.0.3"
dependencies = [
 "leanhttp",
 "leanhttps",
 "leans3",
 "leantls",
]

[[package]]
name = "leader"
version = "3.0.3"
dependencies = [
 "config",
 "types",
]

[[package]]
name = "leancookie"
version = "3.1.4"
source = "git+https://github.com/xinix00/lean.git?tag=v3.1.4#81c9a77d763a1216e8e4a60cfb3e34d69be885dc"

[[package]]
name = "leanhttp"
version = "3.1.4"
source = "git+https://github.com/xinix00/lean.git?tag=v3.1.4#81c9a77d763a1216e8e4a60cfb3e34d69be885dc"

[[package]]
name = "leanhttps"
version = "3.1.4"
source = "git+https://github.com/xinix00/lean.git?tag=v3.1.4#81c9a77d763a1216e8e4a60cfb3e34d69be885dc"
dependencies = [
 "leanhttp",
 "leantls",
]

[[package]]
name = "leannet"
version = "3.1.4"
source = "git+https://github.com/xinix00/lean.git?tag=v3.1.4#81c9a77d763a1216e8e4a60cfb3e34d69be885dc"

[[package]]
name = "leans3"
version = "3.1.4"
source = "git+https://github.com/xinix00/lean.git?tag=v3.1.4#81c9a77d763a1216e8e4a60cfb3e34d69be885dc"

[[package]]
name = "leantls"
version = "3.1.4"
source = "git+https://github.com/xinix00/lean.git?tag=v3.1.4#81c9a77d763a1216e8e4a60cfb3e34d69be885dc"

[[package]]
name = "netdev"
version = "3.0.0"
source = "git+https://github.com/xinix00/HopOS.git?tag=v3.0.1#c59c7731f4c78ea8d6cc6522d8a6ebd34cb0f93a"
dependencies = [
 "sync",
]

[[package]]
name = "runner"
version = "3.0.3"
dependencies = [
 "hostnet",
 "leanhttp",
 "leans3",
 "types",
]

[[package]]
name = "store"
version = "3.0.3"
dependencies = [
 "config",
 "discovery",
 "hostnet",
 "leanhttp",
 "leans3",
 "types",
]

[[package]]
name = "sync"
version = "3.0.0"
source = "git+https://github.com/xinix00/HopOS.git?tag=v3.0.1#c59c7731f4c78ea8d6cc6522d8a6ebd34cb0f93a"

[[package]]
name = "types"
version = "3.0.3"
