# This file is automatically @generated by Cargo.
# It is not intended for manual editing.
version = 4

[[package]]
name = "abi"
version = "3.0.0"
source = "git+https://github.com/xinix00/HopOS.git?tag=v3.0.0-alpha.11#f659ed766b1eed95de01d502f27a151e5e595a8f"
dependencies = [
 "bounded",
 "dev",
]

[[package]]
name = "agent"
version = "3.0.0"
dependencies = [
 "config",
 "types",
]

[[package]]
name = "agentd"
version = "3.0.0"
dependencies = [
 "agent",
 "api",
 "auth",
 "config",
 "discovery",
 "hostnet",
 "leader",
 "leanhttp",
 "runner",
 "store",
 "types",
]

[[package]]
name = "agentd-hopos"
version = "3.0.0"
dependencies = [
 "abi",
 "agent",
 "api",
 "applib",
 "auth",
 "config",
 "hop-http",
 "hopos-runner",
 "leader",
 "leancookie",
 "leanhttp",
 "leanhttps",
 "leantls",
 "runner",
 "types",
]

[[package]]
name = "api"
version = "3.0.0"
dependencies = [
 "agent",
 "auth",
 "config",
 "leader",
 "types",
]

[[package]]
name = "applib"
version = "3.0.0"
source = "git+https://github.com/xinix00/HopOS.git?tag=v3.0.0-alpha.11#f659ed766b1eed95de01d502f27a151e5e595a8f"
dependencies = [
 "abi",
 "bounded",
 "dev",
 "executor",
 "leanhttp",
 "leannet",
 "netdev",
 "sync",
]

[[package]]
name = "auth"
version = "3.0.0"

[[package]]
name = "bounded"
version = "3.0.0"
source = "git+https://github.com/xinix00/HopOS.git?tag=v3.0.0-alpha.11#f659ed766b1eed95de01d502f27a151e5e595a8f"

[[package]]
name = "cli"
version = "3.0.0"
dependencies = [
 "auth",
 "hostnet",
 "types",
]

[[package]]
name = "config"
version = "3.0.0"
dependencies = [
 "types",
]

[[package]]
name = "dev"
version = "3.0.0"
source = "git+https://github.com/xinix00/HopOS.git?tag=v3.0.0-alpha.11#f659ed766b1eed95de01d502f27a151e5e595a8f"

[[package]]
name = "discovery"
version = "3.0.0"
dependencies = [
 "types",
]

[[package]]
name = "executor"
version = "3.0.0"
source = "git+https://github.com/xinix00/HopOS.git?tag=v3.0.0-alpha.11#f659ed766b1eed95de01d502f27a151e5e595a8f"
dependencies = [
 "dev",
 "sync",
]

[[package]]
name = "hop-http"
version = "3.0.0"
dependencies = [
 "api",
 "applib",
 "leanhttp",
 "types",
]

[[package]]
name = "hopos-runner"
version = "3.0.0"
dependencies = [
 "abi",
 "agent",
 "applib",
 "runner",
]

[[package]]
name = "hostnet"
version = "3.0.0"
dependencies = [
 "leanhttp",
 "leanhttps",
 "leans3",
 "leantls",
]

[[package]]
name = "leader"
version = "3.0.0"
dependencies = [
 "config",
 "types",
]

[[package]]
name = "leancookie"
version = "3.1.1"
source = "git+https://github.com/xinix00/lean.git?tag=v3.1.1#db6724745a2c579382c54a68c73c18d643d40038"

[[package]]
name = "leanhttp"
version = "3.1.1"
source = "git+https://github.com/xinix00/lean.git?tag=v3.1.1#db6724745a2c579382c54a68c73c18d643d40038"

[[package]]
name = "leanhttps"
version = "3.1.1"
source = "git+https://github.com/xinix00/lean.git?tag=v3.1.1#db6724745a2c579382c54a68c73c18d643d40038"
dependencies = [
 "leanhttp",
 "leantls",
]

[[package]]
name = "leannet"
version = "3.0.0"
source = "git+https://github.com/xinix00/lean.git?tag=v3.0.0#a7e089448c903fe199b604d246401cbd88640de3"

[[package]]
name = "leans3"
version = "3.1.1"
source = "git+https://github.com/xinix00/lean.git?tag=v3.1.1#db6724745a2c579382c54a68c73c18d643d40038"

[[package]]
name = "leantls"
version = "3.1.1"
source = "git+https://github.com/xinix00/lean.git?tag=v3.1.1#db6724745a2c579382c54a68c73c18d643d40038"

[[package]]
name = "netdev"
version = "3.0.0"
source = "git+https://github.com/xinix00/HopOS.git?tag=v3.0.0-alpha.11#f659ed766b1eed95de01d502f27a151e5e595a8f"
dependencies = [
 "sync",
]

[[package]]
name = "runner"
version = "3.0.0"
dependencies = [
 "hostnet",
 "leanhttp",
 "leans3",
 "types",
]

[[package]]
name = "store"
version = "3.0.0"
dependencies = [
 "config",
 "discovery",
 "hostnet",
 "leanhttp",
 "leans3",
 "types",
]

[[package]]
name = "sync"
version = "3.0.0"
source = "git+https://github.com/xinix00/HopOS.git?tag=v3.0.0-alpha.11#f659ed766b1eed95de01d502f27a151e5e595a8f"

[[package]]
name = "types"
version = "3.0.0"
