github.com/xinix00/hoplock v0.4.2 h1:gX0SCY/0OJSkdVT/z4jlSmOpvApBbmDnHIpFGvtIRX0=
github.com/xinix00/hoplock v0.4.2/go.mod h1:az9zrKZ+Y1dBswiGQKGKHiHP3IP10B06RWD6TmjMJRQ=
github.com/xinix00/hoplockserver v0.2.1 h1:vLgv+iuuExaKgb90uwxMLavRMrlXRqLerihgFCv9pzY=
github.com/xinix00/hoplockserver v0.2.1/go.mod h1:HPVrFPGljcbxqIV8sIsa1W67hLI5vC7yG+z8W1k0nLg=
github.com/xinix00/lean v1.1.1 h1:ACx7zTdk3XZzetryL/euj8LJpSLjsBK9xyqWmG/cBH8=
github.com/xinix00/lean v1.1.1/go.mod h1:gRIa2nL/SIEsi1L/eq9EUqrKQ+jnjxUGb3IAsuVQX7U=
